
Microsoft Visual Studio Solution File, Format Version 12.00
# Visual Studio Version 17
VisualStudioVersion = 17.2.32526.322
MinimumVisualStudioVersion = 10.0.40219.1
Project("{FAE04EC0-301F-11D3-BF4B-00C04F79EFBC}") = "EFGetStarted", "EFGetStarted\EFGetStarted.csproj", "{0B70141D-9E98-4159-8B68-FA9993E22A33}"
EndProject
Global
	GlobalSection(SolutionConfigurationPlatforms) = preSolution
		Debug|Any CPU = Debug|Any CPU
		Release|Any CPU = Release|Any CPU
	EndGlobalSection
	GlobalSection(ProjectConfigurationPlatforms) = postSolution
		{0B70141D-9E98-4159-8B68-FA9993E22A33}.Debug|Any CPU.ActiveCfg = Debug|Any CPU
		{0B70141D-9E98-4159-8B68-FA9993E22A33}.Debug|Any CPU.Build.0 = Debug|Any CPU
		{0B70141D-9E98-4159-8B68-FA9993E22A33}.Release|Any CPU.ActiveCfg = Release|Any CPU
		{0B70141D-9E98-4159-8B68-FA9993E22A33}.Release|Any CPU.Build.0 = Release|Any CPU
	EndGlobalSection
	GlobalSection(SolutionProperties) = preSolution
		HideSolutionNode = FALSE
	EndGlobalSection
	GlobalSection(ExtensibilityGlobals) = postSolution
		SolutionGuid = {ABA55140-20FA-4A63-A10B-B1844A578912}
	EndGlobalSection
EndGlobal
